// !$*UTF8*$!
{
	archiveVersion = 1;
	classes = {
	};
	objectVersion = 50;
	objects = {

/* Begin PBXBuildFile section */
		3B7DA5282140660000439933 /* AppDelegate.swift in Sources */ = {isa = PBXBuildFile; fileRef = 3B7DA5272140660000439933 /* AppDelegate.swift */; };
		3B7DA52A2140660000439933 /* MasterViewController.swift in Sources */ = {isa = PBXBuildFile; fileRef = 3B7DA5292140660000439933 /* MasterViewController.swift */; };
		3B7DA52C2140660000439933 /* DetailViewController.swift in Sources */ = {isa = PBXBuildFile; fileRef = 3B7DA52B2140660000439933 /* DetailViewController.swift */; };
		3B7DA52F2140660000439933 /* Main.storyboard in Resources */ = {isa = PBXBuildFile; fileRef = 3B7DA52D2140660000439933 /* Main.storyboard */; };
		3B7DA5312140660200439933 /* Assets.xcassets in Resources */ = {isa = PBXBuildFile; fileRef = 3B7DA5302140660200439933 /* Assets.xcassets */; };
		3B7DA5342140660200439933 /* LaunchScreen.storyboard in Resources */ = {isa = PBXBuildFile; fileRef = 3B7DA5322140660200439933 /* LaunchScreen.storyboard */; };
		3B7DA53F2140660200439933 /* LocalMusicTests.swift in Sources */ = {isa = PBXBuildFile; fileRef = 3B7DA53E2140660200439933 /* LocalMusicTests.swift */; };
		3B7DA54A2140660200439933 /* LocalMusicUITests.swift in Sources */ = {isa = PBXBuildFile; fileRef = 3B7DA5492140660200439933 /* LocalMusicUITests.swift */; };
/* End PBXBuildFile section */

/* Begin PBXContainerItemProxy section */
		3B7DA53B2140660200439933 /* PBXContainerItemProxy */ = {
			isa = PBXContainerItemProxy;
			containerPortal = 3B7DA51C2140660000439933 /* Project object */;
			proxyType = 1;
			remoteGlobalIDString = 3B7DA5232140660000439933;
			remoteInfo = LocalMusic;
		};
		3B7DA5462140660200439933 /* PBXContainerItemProxy */ = {
			isa = PBXContainerItemProxy;
			containerPortal = 3B7DA51C2140660000439933 /* Project object */;
			proxyType = 1;
			remoteGlobalIDString = 3B7DA5232140660000439933;
			remoteInfo = LocalMusic;
		};
/* End PBXContainerItemProxy section */

/* Begin PBXFileReference section */
		3B7DA5242140660000439933 /* LocalMusic.app */ = {isa = PBXFileReference; explicitFileType = wrapper.application; includeInIndex = 0; path = LocalMusic.app; sourceTree = BUILT_PRODUCTS_DIR; };
		3B7DA5272140660000439933 /* AppDelegate.swift */ = {isa = PBXFileReference; lastKnownFileType = sourcecode.swift; path = AppDelegate.swift; sourceTree = "<group>"; };
		3B7DA5292140660000439933 /* MasterViewController.swift */ = {isa = PBXFileReference; lastKnownFileType = sourcecode.swift; path = MasterViewController.swift; sourceTree = "<group>"; };
		3B7DA52B2140660000439933 /* DetailViewController.swift */ = {isa = PBXFileReference; lastKnownFileType = sourcecode.swift; path = DetailViewController.swift; sourceTree = "<group>"; };
		3B7DA52E2140660000439933 /* Base */ = {isa = PBXFileReference; lastKnownFileType = file.storyboard; name = Base; path = Base.lproj/Main.storyboard; sourceTree = "<group>"; };
		3B7DA5302140660200439933 /* Assets.xcassets */ = {isa = PBXFileReference; lastKnownFileType = folder.assetcatalog; path = Assets.xcassets; sourceTree = "<group>"; };
		3B7DA5332140660200439933 /* Base */ = {isa = PBXFileReference; lastKnownFileType = file.storyboard; name = Base; path = Base.lproj/LaunchScreen.storyboard; sourceTree = "<group>"; };
		3B7DA5352140660200439933 /* Info.plist */ = {isa = PBXFileReference; lastKnownFileType = text.plist.xml; path = Info.plist; sourceTree = "<group>"; };
		3B7DA53A2140660200439933 /* LocalMusicTests.xctest */ = {isa = PBXFileReference; explicitFileType = wrapper.cfbundle; includeInIndex = 0; path = LocalMusicTests.xctest; sourceTree = BUILT_PRODUCTS_DIR; };
		3B7DA53E2140660200439933 /* LocalMusicTests.swift */ = {isa = PBXFileReference; lastKnownFileType = sourcecode.swift; path = LocalMusicTests.swift; sourceTree = "<group>"; };
		3B7DA5402140660200439933 /* Info.plist */ = {isa = PBXFileReference; lastKnownFileType = text.plist.xml; path = Info.plist; sourceTree = "<group>"; };
		3B7DA5452140660200439933 /* LocalMusicUITests.xctest */ = {isa = PBXFileReference; explicitFileType = wrapper.cfbundle; includeInIndex = 0; path = LocalMusicUITests.xctest; sourceTree = BUILT_PRODUCTS_DIR; };
		3B7DA5492140660200439933 /* LocalMusicUITests.swift */ = {isa = PBXFileReference; lastKnownFileType = sourcecode.swift; path = LocalMusicUITests.swift; sourceTree = "<group>"; };
		3B7DA54B2140660200439933 /* Info.plist */ = {isa = PBXFileReference; lastKnownFileType = text.plist.xml; path = Info.plist; sourceTree = "<group>"; };
/* End PBXFileReference section */

/* Begin PBXFrameworksBuildPhase section */
		3B7DA5212140660000439933 /* Frameworks */ = {
			isa = PBXFrameworksBuildPhase;
			buildActionMask = 2147483647;
			files = (
			);
			runOnlyForDeploymentPostprocessing = 0;
		};
		3B7DA5372140660200439933 /* Frameworks */ = {
			isa = PBXFrameworksBuildPhase;
			buildActionMask = 2147483647;
			files = (
			);
			runOnlyForDeploymentPostprocessing = 0;
		};
		3B7DA5422140660200439933 /* Frameworks */ = {
			isa = PBXFrameworksBuildPhase;
			buildActionMask = 2147483647;
			files = (
			);
			runOnlyForDeploymentPostprocessing = 0;
		};
/* End PBXFrameworksBuildPhase section */

/* Begin PBXGroup section */
		3B7DA51B2140660000439933 = {
			isa = PBXGroup;
			children = (
				3B7DA5262140660000439933 /* LocalMusic */,
				3B7DA53D2140660200439933 /* LocalMusicTests */,
				3B7DA5482140660200439933 /* LocalMusicUITests */,
				3B7DA5252140660000439933 /* Products */,
			);
			sourceTree = "<group>";
		};
		3B7DA5252140660000439933 /* Products */ = {
			isa = PBXGroup;
			children = (
				3B7DA5242140660000439933 /* LocalMusic.app */,
				3B7DA53A2140660200439933 /* LocalMusicTests.xctest */,
				3B7DA5452140660200439933 /* LocalMusicUITests.xctest */,
			);
			name = Products;
			sourceTree = "<group>";
		};
		3B7DA5262140660000439933 /* LocalMusic */ = {
			isa = PBXGroup;
			children = (
				3B7DA5272140660000439933 /* AppDelegate.swift */,
				3B7DA5292140660000439933 /* MasterViewController.swift */,
				3B7DA52B2140660000439933 /* DetailViewController.swift */,
				3B7DA52D2140660000439933 /* Main.storyboard */,
				3B7DA5302140660200439933 /* Assets.xcassets */,
				3B7DA5322140660200439933 /* LaunchScreen.storyboard */,
				3B7DA5352140660200439933 /* Info.plist */,
			);
			path = LocalMusic;
			sourceTree = "<group>";
		};
		3B7DA53D2140660200439933 /* LocalMusicTests */ = {
			isa = PBXGroup;
			children = (
				3B7DA53E2140660200439933 /* LocalMusicTests.swift */,
				3B7DA5402140660200439933 /* Info.plist */,
			);
			path = LocalMusicTests;
			sourceTree = "<group>";
		};
		3B7DA5482140660200439933 /* LocalMusicUITests */ = {
			isa = PBXGroup;
			children = (
				3B7DA5492140660200439933 /* LocalMusicUITests.swift */,
				3B7DA54B2140660200439933 /* Info.plist */,
			);
			path = LocalMusicUITests;
			sourceTree = "<group>";
		};
/* End PBXGroup section */

/* Begin PBXNativeTarget section */
		3B7DA5232140660000439933 /* LocalMusic */ = {
			isa = PBXNativeTarget;
			buildConfigurationList = 3B7DA54E2140660200439933 /* Build configuration list for PBXNativeTarget "LocalMusic" */;
			buildPhases = (
				3B7DA5202140660000439933 /* Sources */,
				3B7DA5212140660000439933 /* Frameworks */,
				3B7DA5222140660000439933 /* Resources */,
			);
			buildRules = (
			);
			dependencies = (
			);
			name = LocalMusic;
			productName = LocalMusic;
			productReference = 3B7DA5242140660000439933 /* LocalMusic.app */;
			productType = "com.apple.product-type.application";
		};
		3B7DA5392140660200439933 /* LocalMusicTests */ = {
			isa = PBXNativeTarget;
			buildConfigurationList = 3B7DA5512140660200439933 /* Build configuration list for PBXNativeTarget "LocalMusicTests" */;
			buildPhases = (
				3B7DA5362140660200439933 /* Sources */,
				3B7DA5372140660200439933 /* Frameworks */,
				3B7DA5382140660200439933 /* Resources */,
			);
			buildRules = (
			);
			dependencies = (
				3B7DA53C2140660200439933 /* PBXTargetDependency */,
			);
			name = LocalMusicTests;
			productName = LocalMusicTests;
			productReference = 3B7DA53A2140660200439933 /* LocalMusicTests.xctest */;
			productType = "com.apple.product-type.bundle.unit-test";
		};
		3B7DA5442140660200439933 /* LocalMusicUITests */ = {
			isa = PBXNativeTarget;
			buildConfigurationList = 3B7DA5542140660200439933 /* Build configuration list for PBXNativeTarget "LocalMusicUITests" */;
			buildPhases = (
				3B7DA5412140660200439933 /* Sources */,
				3B7DA5422140660200439933 /* Frameworks */,
				3B7DA5432140660200439933 /* Resources */,
			);
			buildRules = (
			);
			dependencies = (
				3B7DA5472140660200439933 /* PBXTargetDependency */,
			);
			name = LocalMusicUITests;
			productName = LocalMusicUITests;
			productReference = 3B7DA5452140660200439933 /* LocalMusicUITests.xctest */;
			productType = "com.apple.product-type.bundle.ui-testing";
		};
/* End PBXNativeTarget section */

/* Begin PBXProject section */
		3B7DA51C2140660000439933 /* Project object */ = {
			isa = PBXProject;
			attributes = {
				LastSwiftUpdateCheck = 0940;
				LastUpgradeCheck = 0940;
				ORGANIZATIONNAME = "William Brown";
				TargetAttributes = {
					3B7DA5232140660000439933 = {
						CreatedOnToolsVersion = 9.4.1;
					};
					3B7DA5392140660200439933 = {
						CreatedOnToolsVersion = 9.4.1;
						TestTargetID = 3B7DA5232140660000439933;
					};
					3B7DA5442140660200439933 = {
						CreatedOnToolsVersion = 9.4.1;
						TestTargetID = 3B7DA5232140660000439933;
					};
				};
			};
			buildConfigurationList = 3B7DA51F2140660000439933 /* Build configuration list for PBXProject "LocalMusic" */;
			compatibilityVersion = "Xcode 9.3";
			developmentRegion = en;
			hasScannedForEncodings = 0;
			knownRegions = (
				en,
				Base,
			);
			mainGroup = 3B7DA51B2140660000439933;
			productRefGroup = 3B7DA5252140660000439933 /* Products */;
			projectDirPath = "";
			projectRoot = "";
			targets = (
				3B7DA5232140660000439933 /* LocalMusic */,
				3B7DA5392140660200439933 /* LocalMusicTests */,
				3B7DA5442140660200439933 /* LocalMusicUITests */,
			);
		};
/* End PBXProject section */

/* Begin PBXResourcesBuildPhase section */
		3B7DA5222140660000439933 /* Resources */ = {
			isa = PBXResourcesBuildPhase;
			buildActionMask = 2147483647;
			files = (
				3B7DA5342140660200439933 /* LaunchScreen.storyboard in Resources */,
				3B7DA5312140660200439933 /* Assets.xcassets in Resources */,
				3B7DA52F2140660000439933 /* Main.storyboard in Resources */,
			);
			runOnlyForDeploymentPostprocessing = 0;
		};
		3B7DA5382140660200439933 /* Resources */ = {
			isa = PBXResourcesBuildPhase;
			buildActionMask = 2147483647;
			files = (
			);
			runOnlyForDeploymentPostprocessing = 0;
		};
		3B7DA5432140660200439933 /* Resources */ = {
			isa = PBXResourcesBuildPhase;
			buildActionMask = 2147483647;
			files = (
			);
			runOnlyForDeploymentPostprocessing = 0;
		};
/* End PBXResourcesBuildPhase section */

/* Begin PBXSourcesBuildPhase section */
		3B7DA5202140660000439933 /* Sources */ = {
			isa = PBXSourcesBuildPhase;
			buildActionMask = 2147483647;
			files = (
				3B7DA52C2140660000439933 /* DetailViewController.swift in Sources */,
				3B7DA52A2140660000439933 /* MasterViewController.swift in Sources */,
				3B7DA5282140660000439933 /* AppDelegate.swift in Sources */,
			);
			runOnlyForDeploymentPostprocessing = 0;
		};
		3B7DA5362140660200439933 /* Sources */ = {
			isa = PBXSourcesBuildPhase;
			buildActionMask = 2147483647;
			files = (
				3B7DA53F2140660200439933 /* LocalMusicTests.swift in Sources */,
			);
			runOnlyForDeploymentPostprocessing = 0;
		};
		3B7DA5412140660200439933 /* Sources */ = {
			isa = PBXSourcesBuildPhase;
			buildActionMask = 2147483647;
			files = (
				3B7DA54A2140660200439933 /* LocalMusicUITests.swift in Sources */,
			);
			runOnlyForDeploymentPostprocessing = 0;
		};
/* End PBXSourcesBuildPhase section */

/* Begin PBXTargetDependency section */
		3B7DA53C2140660200439933 /* PBXTargetDependency */ = {
			isa = PBXTargetDependency;
			target = 3B7DA5232140660000439933 /* LocalMusic */;
			targetProxy = 3B7DA53B2140660200439933 /* PBXContainerItemProxy */;
		};
		3B7DA5472140660200439933 /* PBXTargetDependency */ = {
			isa = PBXTargetDependency;
			target = 3B7DA5232140660000439933 /* LocalMusic */;
			targetProxy = 3B7DA5462140660200439933 /* PBXContainerItemProxy */;
		};
/* End PBXTargetDependency section */

/* Begin PBXVariantGroup section */
		3B7DA52D2140660000439933 /* Main.storyboard */ = {
			isa = PBXVariantGroup;
			children = (
				3B7DA52E2140660000439933 /* Base */,
			);
			name = Main.storyboard;
			sourceTree = "<group>";
		};
		3B7DA5322140660200439933 /* LaunchScreen.storyboard */ = {
			isa = PBXVariantGroup;
			children = (
				3B7DA5332140660200439933 /* Base */,
			);
			name = LaunchScreen.storyboard;
			sourceTree = "<group>";
		};
/* End PBXVariantGroup section */

/* Begin XCBuildConfiguration section */
		3B7DA54C2140660200439933 /* Debug */ = {
			isa = XCBuildConfiguration;
			buildSettings = {
				ALWAYS_SEARCH_USER_PATHS = NO;
				CLANG_ANALYZER_NONNULL = YES;
				CLANG_ANALYZER_NUMBER_OBJECT_CONVERSION = YES_AGGRESSIVE;
				CLANG_CXX_LANGUAGE_STANDARD = "gnu++14";
				CLANG_CXX_LIBRARY = "libc++";
				CLANG_ENABLE_MODULES = YES;
				CLANG_ENABLE_OBJC_ARC = YES;
				CLANG_ENABLE_OBJC_WEAK = YES;
				CLANG_WARN_BLOCK_CAPTURE_AUTORELEASING = YES;
				CLANG_WARN_BOOL_CONVERSION = YES;
				CLANG_WARN_COMMA = YES;
				CLANG_WARN_CONSTANT_CONVERSION = YES;
				CLANG_WARN_DEPRECATED_OBJC_IMPLEMENTATIONS = YES;
				CLANG_WARN_DIRECT_OBJC_ISA_USAGE = YES_ERROR;
				CLANG_WARN_DOCUMENTATION_COMMENTS = YES;
				CLANG_WARN_EMPTY_BODY = YES;
				CLANG_WARN_ENUM_CONVERSION = YES;
				CLANG_WARN_INFINITE_RECURSION = YES;
				CLANG_WARN_INT_CONVERSION = YES;
				CLANG_WARN_NON_LITERAL_NULL_CONVERSION = YES;
				CLANG_WARN_OBJC_IMPLICIT_RETAIN_SELF = YES;
				CLANG_WARN_OBJC_LITERAL_CONVERSION = YES;
				CLANG_WARN_OBJC_ROOT_CLASS = YES_ERROR;
				CLANG_WARN_RANGE_LOOP_ANALYSIS = YES;
				CLANG_WARN_STRICT_PROTOTYPES = YES;
				CLANG_WARN_SUSPICIOUS_MOVE = YES;
				CLANG_WARN_UNGUARDED_AVAILABILITY = YES_AGGRESSIVE;
				CLANG_WARN_UNREACHABLE_CODE = YES;
				CLANG_WARN__DUPLICATE_METHOD_MATCH = YES;
				CODE_SIGN_IDENTITY = "iPhone Developer";
				COPY_PHASE_STRIP = NO;
				DEBUG_INFORMATION_FORMAT = dwarf;
				ENABLE_STRICT_OBJC_MSGSEND = YES;
				ENABLE_TESTABILITY = YES;
				GCC_C_LANGUAGE_STANDARD = gnu11;
				GCC_DYNAMIC_NO_PIC = NO;
				GCC_NO_COMMON_BLOCKS = YES;
				GCC_OPTIMIZATION_LEVEL = 0;
				GCC_PREPROCESSOR_DEFINITIONS = (
					"DEBUG=1",
					"$(inherited)",
				);
				GCC_WARN_64_TO_32_BIT_CONVERSION = YES;
				GCC_WARN_ABOUT_RETURN_TYPE = YES_ERROR;
				GCC_WARN_UNDECLARED_SELECTOR = YES;
				GCC_WARN_UNINITIALIZED_AUTOS = YES_AGGRESSIVE;
				GCC_WARN_UNUSED_FUNCTION = YES;
				GCC_WARN_UNUSED_VARIABLE = YES;
				IPHONEOS_DEPLOYMENT_TARGET = 11.4;
				MTL_ENABLE_DEBUG_INFO = YES;
				ONLY_ACTIVE_ARCH = YES;
				SDKROOT = iphoneos;
				SWIFT_ACTIVE_COMPILATION_CONDITIONS = DEBUG;
				SWIFT_OPTIMIZATION_LEVEL = "-Onone";
			};
			name = Debug;
		};
		3B7DA54D2140660200439933 /* Release */ = {
			isa = XCBuildConfiguration;
			buildSettings = {
				ALWAYS_SEARCH_USER_PATHS = NO;
				CLANG_ANALYZER_NONNULL = YES;
				CLANG_ANALYZER_NUMBER_OBJECT_CONVERSION = YES_AGGRESSIVE;
				CLANG_CXX_LANGUAGE_STANDARD = "gnu++14";
				CLANG_CXX_LIBRARY = "libc++";
				CLANG_ENABLE_MODULES = YES;
				CLANG_ENABLE_OBJC_ARC = YES;
				CLANG_ENABLE_OBJC_WEAK = YES;
				CLANG_WARN_BLOCK_CAPTURE_AUTORELEASING = YES;
				CLANG_WARN_BOOL_CONVERSION = YES;
				CLANG_WARN_COMMA = YES;
				CLANG_WARN_CONSTANT_CONVERSION = YES;
				CLANG_WARN_DEPRECATED_OBJC_IMPLEMENTATIONS = YES;
				CLANG_WARN_DIRECT_OBJC_ISA_USAGE = YES_ERROR;
				CLANG_WARN_DOCUMENTATION_COMMENTS = YES;
				CLANG_WARN_EMPTY_BODY = YES;
				CLANG_WARN_ENUM_CONVERSION = YES;
				CLANG_WARN_INFINITE_RECURSION = YES;
				CLANG_WARN_INT_CONVERSION = YES;
				CLANG_WARN_NON_LITERAL_NULL_CONVERSION = YES;
				CLANG_WARN_OBJC_IMPLICIT_RETAIN_SELF = YES;
				CLANG_WARN_OBJC_LITERAL_CONVERSION = YES;
				CLANG_WARN_OBJC_ROOT_CLASS = YES_ERROR;
				CLANG_WARN_RANGE_LOOP_ANALYSIS = YES;
				CLANG_WARN_STRICT_PROTOTYPES = YES;
				CLANG_WARN_SUSPICIOUS_MOVE = YES;
				CLANG_WARN_UNGUARDED_AVAILABILITY = YES_AGGRESSIVE;
				CLANG_WARN_UNREACHABLE_CODE = YES;
				CLANG_WARN__DUPLICATE_METHOD_MATCH = YES;
				CODE_SIGN_IDENTITY = "iPhone Developer";
				COPY_PHASE_STRIP = NO;
				DEBUG_INFORMATION_FORMAT = "dwarf-with-dsym";
				ENABLE_NS_ASSERTIONS = NO;
				ENABLE_STRICT_OBJC_MSGSEND = YES;
				GCC_C_LANGUAGE_STANDARD = gnu11;
				GCC_NO_COMMON_BLOCKS = YES;
				GCC_WARN_64_TO_32_BIT_CONVERSION = YES;
				GCC_WARN_ABOUT_RETURN_TYPE = YES_ERROR;
				GCC_WARN_UNDECLARED_SELECTOR = YES;
				GCC_WARN_UNINITIALIZED_AUTOS = YES_AGGRESSIVE;
				GCC_WARN_UNUSED_FUNCTION = YES;
				GCC_WARN_UNUSED_VARIABLE = YES;
				IPHONEOS_DEPLOYMENT_TARGET = 11.4;
				MTL_ENABLE_DEBUG_INFO = NO;
				SDKROOT = iphoneos;
				SWIFT_COMPILATION_MODE = wholemodule;
				SWIFT_OPTIMIZATION_LEVEL = "-O";
				VALIDATE_PRODUCT = YES;
			};
			name = Release;
		};
		3B7DA54F2140660200439933 /* Debug */ = {
			isa = XCBuildConfiguration;
			buildSettings = {
				ASSETCATALOG_COMPILER_APPICON_NAME = AppIcon;
				CODE_SIGN_STYLE = Automatic;
				INFOPLIST_FILE = LocalMusic/Info.plist;
				LD_RUNPATH_SEARCH_PATHS = (
					"$(inherited)",
					"@executable_path/Frameworks",
				);
				PRODUCT_BUNDLE_IDENTIFIER = brownsoundtech.LocalMusic;
				PRODUCT_NAME = "$(TARGET_NAME)";
				SWIFT_VERSION = 4.0;
				TARGETED_DEVICE_FAMILY = "1,2";
			};
			name = Debug;
		};
		3B7DA5502140660200439933 /* Release */ = {
			isa = XCBuildConfiguration;
			buildSettings = {
				ASSETCATALOG_COMPILER_APPICON_NAME = AppIcon;
				CODE_SIGN_STYLE = Automatic;
				INFOPLIST_FILE = LocalMusic/Info.plist;
				LD_RUNPATH_SEARCH_PATHS = (
					"$(inherited)",
					"@executable_path/Frameworks",
				);
				PRODUCT_BUNDLE_IDENTIFIER = brownsoundtech.LocalMusic;
				PRODUCT_NAME = "$(TARGET_NAME)";
				SWIFT_VERSION = 4.0;
				TARGETED_DEVICE_FAMILY = "1,2";
			};
			name = Release;
		};
		3B7DA5522140660200439933 /* Debug */ = {
			isa = XCBuildConfiguration;
			buildSettings = {
				ALWAYS_EMBED_SWIFT_STANDARD_LIBRARIES = YES;
				BUNDLE_LOADER = "$(TEST_HOST)";
				CODE_SIGN_STYLE = Automatic;
				INFOPLIST_FILE = LocalMusicTests/Info.plist;
				LD_RUNPATH_SEARCH_PATHS = (
					"$(inherited)",
					"@executable_path/Frameworks",
					"@loader_path/Frameworks",
				);
				PRODUCT_BUNDLE_IDENTIFIER = brownsoundtech.LocalMusicTests;
				PRODUCT_NAME = "$(TARGET_NAME)";
				SWIFT_VERSION = 4.0;
				TARGETED_DEVICE_FAMILY = "1,2";
				TEST_HOST = "$(BUILT_PRODUCTS_DIR)/LocalMusic.app/LocalMusic";
			};
			name = Debug;
		};
		3B7DA5532140660200439933 /* Release */ = {
			isa = XCBuildConfiguration;
			buildSettings = {
				ALWAYS_EMBED_SWIFT_STANDARD_LIBRARIES = YES;
				BUNDLE_LOADER = "$(TEST_HOST)";
				CODE_SIGN_STYLE = Automatic;
				INFOPLIST_FILE = LocalMusicTests/Info.plist;
				LD_RUNPATH_SEARCH_PATHS = (
					"$(inherited)",
					"@executable_path/Frameworks",
					"@loader_path/Frameworks",
				);
				PRODUCT_BUNDLE_IDENTIFIER = brownsoundtech.LocalMusicTests;
				PRODUCT_NAME = "$(TARGET_NAME)";
				SWIFT_VERSION = 4.0;
				TARGETED_DEVICE_FAMILY = "1,2";
				TEST_HOST = "$(BUILT_PRODUCTS_DIR)/LocalMusic.app/LocalMusic";
			};
			name = Release;
		};
		3B7DA5552140660200439933 /* Debug */ = {
			isa = XCBuildConfiguration;
			buildSettings = {
				ALWAYS_EMBED_SWIFT_STANDARD_LIBRARIES = YES;
				CODE_SIGN_STYLE = Automatic;
				INFOPLIST_FILE = LocalMusicUITests/Info.plist;
				LD_RUNPATH_SEARCH_PATHS = (
					"$(inherited)",
					"@executable_path/Frameworks",
					"@loader_path/Frameworks",
				);
				PRODUCT_BUNDLE_IDENTIFIER = brownsoundtech.LocalMusicUITests;
				PRODUCT_NAME = "$(TARGET_NAME)";
				SWIFT_VERSION = 4.0;
				TARGETED_DEVICE_FAMILY = "1,2";
				TEST_TARGET_NAME = LocalMusic;
			};
			name = Debug;
		};
		3B7DA5562140660200439933 /* Release */ = {
			isa = XCBuildConfiguration;
			buildSettings = {
				ALWAYS_EMBED_SWIFT_STANDARD_LIBRARIES = YES;
				CODE_SIGN_STYLE = Automatic;
				INFOPLIST_FILE = LocalMusicUITests/Info.plist;
				LD_RUNPATH_SEARCH_PATHS = (
					"$(inherited)",
					"@executable_path/Frameworks",
					"@loader_path/Frameworks",
				);
				PRODUCT_BUNDLE_IDENTIFIER = brownsoundtech.LocalMusicUITests;
				PRODUCT_NAME = "$(TARGET_NAME)";
				SWIFT_VERSION = 4.0;
				TARGETED_DEVICE_FAMILY = "1,2";
				TEST_TARGET_NAME = LocalMusic;
			};
			name = Release;
		};
/* End XCBuildConfiguration section */

/* Begin XCConfigurationList section */
		3B7DA51F2140660000439933 /* Build configuration list for PBXProject "LocalMusic" */ = {
			isa = XCConfigurationList;
			buildConfigurations = (
				3B7DA54C2140660200439933 /* Debug */,
				3B7DA54D2140660200439933 /* Release */,
			);
			defaultConfigurationIsVisible = 0;
			defaultConfigurationName = Release;
		};
		3B7DA54E2140660200439933 /* Build configuration list for PBXNativeTarget "LocalMusic" */ = {
			isa = XCConfigurationList;
			buildConfigurations = (
				3B7DA54F2140660200439933 /* Debug */,
				3B7DA5502140660200439933 /* Release */,
			);
			defaultConfigurationIsVisible = 0;
			defaultConfigurationName = Release;
		};
		3B7DA5512140660200439933 /* Build configuration list for PBXNativeTarget "LocalMusicTests" */ = {
			isa = XCConfigurationList;
			buildConfigurations = (
				3B7DA5522140660200439933 /* Debug */,
				3B7DA5532140660200439933 /* Release */,
			);
			defaultConfigurationIsVisible = 0;
			defaultConfigurationName = Release;
		};
		3B7DA5542140660200439933 /* Build configuration list for PBXNativeTarget "LocalMusicUITests" */ = {
			isa = XCConfigurationList;
			buildConfigurations = (
				3B7DA5552140660200439933 /* Debug */,
				3B7DA5562140660200439933 /* Release */,
			);
			defaultConfigurationIsVisible = 0;
			defaultConfigurationName = Release;
		};
/* End XCConfigurationList section */
	};
	rootObject = 3B7DA51C2140660000439933 /* Project object */;
}
